
Microsoft Visual Studio Solution File, Format Version 12.00
# Visual Studio Version 17
VisualStudioVersion = 17.0.32126.317
MinimumVisualStudioVersion = 10.0.40219.1
Project("{9A19103F-16F7-4668-BE54-9A1E7A4F7556}") = "ConsoleApp1", "ConsoleApp1\ConsoleApp1.csproj", "{3DF81775-971B-4FF9-A66F-5E7131A1E53A}"
EndProject
Project("{9A19103F-16F7-4668-BE54-9A1E7A4F7556}") = "01_Emerytura1", "01_Emerytura1\01_Emerytura1.csproj", "{40653162-CCAF-401D-AFA6-789AEBE274D8}"
EndProject
Project("{9A19103F-16F7-4668-BE54-9A1E7A4F7556}") = "02_Emerytura2", "02_Emerytura2\02_Emerytura2.csproj", "{4994FC86-553F-4CF1-BE4B-C06847644316}"
EndProject
Project("{9A19103F-16F7-4668-BE54-9A1E7A4F7556}") = "03_Emerytura3", "03_Emerytura3\03_Emerytura3.csproj", "{77C8DE12-7447-4C62-AED7-73FCCEBE4BE4}"
EndProject
Project("{9A19103F-16F7-4668-BE54-9A1E7A4F7556}") = "04_ParametryTrojkata", "04_ParametryTrojkata\04_ParametryTrojkata.csproj", "{62256822-93D6-48F0-83F0-B05A47CE9657}"
EndProject
Project("{9A19103F-16F7-4668-BE54-9A1E7A4F7556}") = "05_RownanieKwadratowe", "05_RownanieKwadratowe\05_RownanieKwadratowe.csproj", "{F2C0FF44-6609-402A-BCE9-6A99EC190ECA}"
EndProject
Project("{9A19103F-16F7-4668-BE54-9A1E7A4F7556}") = "06_ObjetoscStozka", "06_ObjetoscStozka\06_ObjetoscStozka.csproj", "{949B0275-8084-4C05-8B70-D9B5E002941A}"
EndProject
Project("{9A19103F-16F7-4668-BE54-9A1E7A4F7556}") = "07_FlowChart1", "07_FlowChart1\07_FlowChart1.csproj", "{99ADFC44-5C0E-4C5B-B5BD-03733454A33B}"
EndProject
Project("{9A19103F-16F7-4668-BE54-9A1E7A4F7556}") = "08_FlowChart2", "08_FlowChart2\08_FlowChart2.csproj", "{2D4E4B4F-AE23-4BFF-94A7-FC221278B548}"
EndProject
Project("{FAE04EC0-301F-11D3-BF4B-00C04F79EFBC}") = "09_FlowChart3", "09_FlowChart3\09_FlowChart3.csproj", "{83CA80C7-9E37-48C7-92D6-E71CCBCEAEBE}"
EndProject
Project("{FAE04EC0-301F-11D3-BF4B-00C04F79EFBC}") = "10_Wzorek", "10_Wzorek\10_Wzorek.csproj", "{BC9E940F-C706-4D88-BEEA-CAD3CEAEEBA0}"
EndProject
Global
	GlobalSection(SolutionConfigurationPlatforms) = preSolution
		Debug|Any CPU = Debug|Any CPU
		Release|Any CPU = Release|Any CPU
	EndGlobalSection
	GlobalSection(ProjectConfigurationPlatforms) = postSolution
		{3DF81775-971B-4FF9-A66F-5E7131A1E53A}.Debug|Any CPU.ActiveCfg = Debug|Any CPU
		{3DF81775-971B-4FF9-A66F-5E7131A1E53A}.Debug|Any CPU.Build.0 = Debug|Any CPU
		{3DF81775-971B-4FF9-A66F-5E7131A1E53A}.Release|Any CPU.ActiveCfg = Release|Any CPU
		{3DF81775-971B-4FF9-A66F-5E7131A1E53A}.Release|Any CPU.Build.0 = Release|Any CPU
		{40653162-CCAF-401D-AFA6-789AEBE274D8}.Debug|Any CPU.ActiveCfg = Debug|Any CPU
		{40653162-CCAF-401D-AFA6-789AEBE274D8}.Debug|Any CPU.Build.0 = Debug|Any CPU
		{40653162-CCAF-401D-AFA6-789AEBE274D8}.Release|Any CPU.ActiveCfg = Release|Any CPU
		{40653162-CCAF-401D-AFA6-789AEBE274D8}.Release|Any CPU.Build.0 = Release|Any CPU
		{4994FC86-553F-4CF1-BE4B-C06847644316}.Debug|Any CPU.ActiveCfg = Debug|Any CPU
		{4994FC86-553F-4CF1-BE4B-C06847644316}.Debug|Any CPU.Build.0 = Debug|Any CPU
		{4994FC86-553F-4CF1-BE4B-C06847644316}.Release|Any CPU.ActiveCfg = Release|Any CPU
		{4994FC86-553F-4CF1-BE4B-C06847644316}.Release|Any CPU.Build.0 = Release|Any CPU
		{77C8DE12-7447-4C62-AED7-73FCCEBE4BE4}.Debug|Any CPU.ActiveCfg = Debug|Any CPU
		{77C8DE12-7447-4C62-AED7-73FCCEBE4BE4}.Debug|Any CPU.Build.0 = Debug|Any CPU
		{77C8DE12-7447-4C62-AED7-73FCCEBE4BE4}.Release|Any CPU.ActiveCfg = Release|Any CPU
		{77C8DE12-7447-4C62-AED7-73FCCEBE4BE4}.Release|Any CPU.Build.0 = Release|Any CPU
		{62256822-93D6-48F0-83F0-B05A47CE9657}.Debug|Any CPU.ActiveCfg = Debug|Any CPU
		{62256822-93D6-48F0-83F0-B05A47CE9657}.Debug|Any CPU.Build.0 = Debug|Any CPU
		{62256822-93D6-48F0-83F0-B05A47CE9657}.Release|Any CPU.ActiveCfg = Release|Any CPU
		{62256822-93D6-48F0-83F0-B05A47CE9657}.Release|Any CPU.Build.0 = Release|Any CPU
		{F2C0FF44-6609-402A-BCE9-6A99EC190ECA}.Debug|Any CPU.ActiveCfg = Debug|Any CPU
		{F2C0FF44-6609-402A-BCE9-6A99EC190ECA}.Debug|Any CPU.Build.0 = Debug|Any CPU
		{F2C0FF44-6609-402A-BCE9-6A99EC190ECA}.Release|Any CPU.ActiveCfg = Release|Any CPU
		{F2C0FF44-6609-402A-BCE9-6A99EC190ECA}.Release|Any CPU.Build.0 = Release|Any CPU
		{949B0275-8084-4C05-8B70-D9B5E002941A}.Debug|Any CPU.ActiveCfg = Debug|Any CPU
		{949B0275-8084-4C05-8B70-D9B5E002941A}.Debug|Any CPU.Build.0 = Debug|Any CPU
		{949B0275-8084-4C05-8B70-D9B5E002941A}.Release|Any CPU.ActiveCfg = Release|Any CPU
		{949B0275-8084-4C05-8B70-D9B5E002941A}.Release|Any CPU.Build.0 = Release|Any CPU
		{99ADFC44-5C0E-4C5B-B5BD-03733454A33B}.Debug|Any CPU.ActiveCfg = Debug|Any CPU
		{99ADFC44-5C0E-4C5B-B5BD-03733454A33B}.Debug|Any CPU.Build.0 = Debug|Any CPU
		{99ADFC44-5C0E-4C5B-B5BD-03733454A33B}.Release|Any CPU.ActiveCfg = Release|Any CPU
		{99ADFC44-5C0E-4C5B-B5BD-03733454A33B}.Release|Any CPU.Build.0 = Release|Any CPU
		{2D4E4B4F-AE23-4BFF-94A7-FC221278B548}.Debug|Any CPU.ActiveCfg = Debug|Any CPU
		{2D4E4B4F-AE23-4BFF-94A7-FC221278B548}.Debug|Any CPU.Build.0 = Debug|Any CPU
		{2D4E4B4F-AE23-4BFF-94A7-FC221278B548}.Release|Any CPU.ActiveCfg = Release|Any CPU
		{2D4E4B4F-AE23-4BFF-94A7-FC221278B548}.Release|Any CPU.Build.0 = Release|Any CPU
		{83CA80C7-9E37-48C7-92D6-E71CCBCEAEBE}.Debug|Any CPU.ActiveCfg = Debug|Any CPU
		{83CA80C7-9E37-48C7-92D6-E71CCBCEAEBE}.Debug|Any CPU.Build.0 = Debug|Any CPU
		{83CA80C7-9E37-48C7-92D6-E71CCBCEAEBE}.Release|Any CPU.ActiveCfg = Release|Any CPU
		{83CA80C7-9E37-48C7-92D6-E71CCBCEAEBE}.Release|Any CPU.Build.0 = Release|Any CPU
		{BC9E940F-C706-4D88-BEEA-CAD3CEAEEBA0}.Debug|Any CPU.ActiveCfg = Debug|Any CPU
		{BC9E940F-C706-4D88-BEEA-CAD3CEAEEBA0}.Debug|Any CPU.Build.0 = Debug|Any CPU
		{BC9E940F-C706-4D88-BEEA-CAD3CEAEEBA0}.Release|Any CPU.ActiveCfg = Release|Any CPU
		{BC9E940F-C706-4D88-BEEA-CAD3CEAEEBA0}.Release|Any CPU.Build.0 = Release|Any CPU
	EndGlobalSection
	GlobalSection(SolutionProperties) = preSolution
		HideSolutionNode = FALSE
	EndGlobalSection
	GlobalSection(ExtensibilityGlobals) = postSolution
		SolutionGuid = {EAC54410-D0C2-487C-A700-DCBF09D723CC}
	EndGlobalSection
EndGlobal
