
Microsoft Visual Studio Solution File, Format Version 12.00
# Visual Studio Version 17
VisualStudioVersion = 17.0.32126.317
MinimumVisualStudioVersion = 10.0.40219.1
Project("{9A19103F-16F7-4668-BE54-9A1E7A4F7556}") = "ConsoleApp1", "ConsoleApp1\ConsoleApp1.csproj", "{3DF81775-971B-4FF9-A66F-5E7131A1E53A}"
EndProject
Project("{9A19103F-16F7-4668-BE54-9A1E7A4F7556}") = "01_Emerytura1", "01_Emerytura1\01_Emerytura1.csproj", "{40653162-CCAF-401D-AFA6-789AEBE274D8}"
EndProject
Project("{9A19103F-16F7-4668-BE54-9A1E7A4F7556}") = "02_Emerytura2", "02_Emerytura2\02_Emerytura2.csproj", "{4994FC86-553F-4CF1-BE4B-C06847644316}"
EndProject
Project("{9A19103F-16F7-4668-BE54-9A1E7A4F7556}") = "03_Emerytura3", "03_Emerytura3\03_Emerytura3.csproj", "{77C8DE12-7447-4C62-AED7-73FCCEBE4BE4}"
EndProject
Project("{9A19103F-16F7-4668-BE54-9A1E7A4F7556}") = "04_ParametryTrojkata", "04_ParametryTrojkata\04_ParametryTrojkata.csproj", "{62256822-93D6-48F0-83F0-B05A47CE9657}"
EndProject
Project("{9A19103F-16F7-4668-BE54-9A1E7A4F7556}") = "05_RownanieKwadratowe", "05_RownanieKwadratowe\05_RownanieKwadratowe.csproj", "{F2C0FF44-6609-402A-BCE9-6A99EC190ECA}"
EndProject
Project("{9A19103F-16F7-4668-BE54-9A1E7A4F7556}") = "06_ObjetoscStozka", "06_ObjetoscStozka\06_ObjetoscStozka.csproj", "{949B0275-8084-4C05-8B70-D9B5E002941A}"
EndProject
Project("{9A19103F-16F7-4668-BE54-9A1E7A4F7556}") = "07_FlowChart1", "07_FlowChart1\07_FlowChart1.csproj", "{99ADFC44-5C0E-4C5B-B5BD-03733454A33B}"
EndProject
Project("{9A19103F-16F7-4668-BE54-9A1E7A4F7556}") = "08_FlowChart2", "08_FlowChart2\08_FlowChart2.csproj", "{2D4E4B4F-AE23-4BFF-94A7-FC221278B548}"
EndProject
Project("{9A19103F-16F7-4668-BE54-9A1E7A4F7556}") = "09_FlowChart3", "09_FlowChart3\09_FlowChart3.csproj", "{83CA80C7-9E37-48C7-92D6-E71CCBCEAEBE}"
EndProject
Project("{9A19103F-16F7-4668-BE54-9A1E7A4F7556}") = "10_Wzorek", "10_Wzorek\10_Wzorek.csproj", "{BC9E940F-C706-4D88-BEEA-CAD3CEAEEBA0}"
EndProject
Project("{9A19103F-16F7-4668-BE54-9A1E7A4F7556}") = "11_PrzetwarzanieTablic1D_1", "11_PrzetwarzanieTablic1D_1\11_PrzetwarzanieTablic1D_1.csproj", "{62B1ADDC-4900-41D6-83ED-6ABCA85DCA32}"
EndProject
Project("{9A19103F-16F7-4668-BE54-9A1E7A4F7556}") = "12_PrzetwarzanieTablic1D_2", "12_PrzetwarzanieTablic1D_2\12_PrzetwarzanieTablic1D_2.csproj", "{9B64604E-8490-4776-BAAE-D9E8B45AF479}"
EndProject
Project("{9A19103F-16F7-4668-BE54-9A1E7A4F7556}") = "13_PrzetwarzanieTablic1D_3", "13_PrzetwarzanieTablic1D_3\13_PrzetwarzanieTablic1D_3.csproj", "{304478CC-414F-4F04-8A2D-051D09F39925}"
EndProject
Project("{9A19103F-16F7-4668-BE54-9A1E7A4F7556}") = "14_ledNumbers", "14_ledNumbers\14_ledNumbers.csproj", "{A64500F5-DFA5-4146-8992-3860C0209221}"
EndProject
Project("{9A19103F-16F7-4668-BE54-9A1E7A4F7556}") = "15_tabliceProstokatne2D", "15_tabliceProstokatne2D\15_tabliceProstokatne2D.csproj", "{1EF61284-4DE0-46F0-9A0A-F7DFFF3FAEE8}"
EndProject
Project("{9A19103F-16F7-4668-BE54-9A1E7A4F7556}") = "16_tabliceProstokatne2D_2", "16_tabliceProstokatne2D_2\16_tabliceProstokatne2D_2.csproj", "{E9188EDA-CA0B-4CF5-B157-CE6B1941680A}"
EndProject
Project("{9A19103F-16F7-4668-BE54-9A1E7A4F7556}") = "17_tabliceProstokatne2D_3", "17_tabliceProstokatne2D_3\17_tabliceProstokatne2D_3.csproj", "{F43F94F4-45EA-4EAD-B6F5-17B3770167A7}"
EndProject
Project("{9A19103F-16F7-4668-BE54-9A1E7A4F7556}") = "18_tabliceProstokatne2D_4", "18_tabliceProstokatne2D_4\18_tabliceProstokatne2D_4.csproj", "{73405FF8-7303-4B84-B47A-E56924862528}"
EndProject
Project("{9A19103F-16F7-4668-BE54-9A1E7A4F7556}") = "19_tablicaPostrzepiona", "19_tablicaPostrzepiona\19_tablicaPostrzepiona.csproj", "{6255EE51-04DF-4DFF-9461-15E4FBC9AEB3}"
EndProject
Project("{9A19103F-16F7-4668-BE54-9A1E7A4F7556}") = "20_sprawdzSudoku", "20_sprawdzSudoku\20_sprawdzSudoku.csproj", "{AE90776E-8F8F-4A94-99D2-B8EEA5199A4C}"
EndProject
Project("{9A19103F-16F7-4668-BE54-9A1E7A4F7556}") = "21_odslonPlansze_Saper", "21_odslonPlansze_Saper\21_odslonPlansze_Saper.csproj", "{A299A479-5F59-48BB-9B0C-2C2FC8CCADFC}"
EndProject
Project("{9A19103F-16F7-4668-BE54-9A1E7A4F7556}") = "22_wyjatki_1", "22_wyjatki_1\22_wyjatki_1.csproj", "{EF9F71BC-9AB6-45D6-9100-795853A1A27F}"
EndProject
Project("{9A19103F-16F7-4668-BE54-9A1E7A4F7556}") = "23_wyjatki_2", "23_wyjatki_2\23_wyjatki_2.csproj", "{E216491A-DB73-46E8-A326-C685C5D0B3F2}"
EndProject
Project("{9A19103F-16F7-4668-BE54-9A1E7A4F7556}") = "24_Czas24h", "24_Czas24h\24_Czas24h.csproj", "{A33B2AE7-7D11-4CDC-9E5C-7C37F1277AF5}"
EndProject
Project("{9A19103F-16F7-4668-BE54-9A1E7A4F7556}") = "25_kolekcjeAgregatorLogow", "25_kolekcjeAgregatorLogow\25_kolekcjeAgregatorLogow.csproj", "{7E2B0320-5BF7-42BA-A9CC-228FA368FEA2}"
EndProject
Project("{9A19103F-16F7-4668-BE54-9A1E7A4F7556}") = "26_klasaPerson_klasaChild_Dziedziczenie", "26_klasaPerson_klasaChild_Dziedziczenie\26_klasaPerson_klasaChild_Dziedziczenie.csproj", "{12DAAE45-83C1-41D9-94F4-EF60E080C0B5}"
EndProject
Project("{9A19103F-16F7-4668-BE54-9A1E7A4F7556}") = "27_kontoWBanku_1", "27_kontoWBanku_1\27_kontoWBanku_1.csproj", "{A44922BA-F8CD-4448-B573-8C934B44AE13}"
EndProject
Project("{9A19103F-16F7-4668-BE54-9A1E7A4F7556}") = "28_kontoWBanku_2", "28_kontoWBanku_2\28_kontoWBanku_2.csproj", "{556BC883-71B0-40FE-B561-A0A732736A9F}"
EndProject
Project("{9A19103F-16F7-4668-BE54-9A1E7A4F7556}") = "29_implementacjaUproszczonegoStosuGenerycznego", "29_implementacjaUproszczonegoStosuGenerycznego\29_implementacjaUproszczonegoStosuGenerycznego.csproj", "{5AD59D7E-AC73-4EB2-9AE9-38042915485F}"
EndProject
Project("{2150E333-8FDC-42A3-9474-1A3956D46DE8}") = "Powtorka", "Powtorka", "{F5D26166-77A0-431C-A81C-41090FCD56EA}"
EndProject
Project("{2150E333-8FDC-42A3-9474-1A3956D46DE8}") = "Konwersatorium02", "Konwersatorium02", "{9F0C737A-66A0-49D3-9AFB-9D6434D3E86B}"
EndProject
Project("{9A19103F-16F7-4668-BE54-9A1E7A4F7556}") = "RationalLibrary", "RationalLibrary\RationalLibrary.csproj", "{178066A8-4CFA-4956-B14F-D065229D53B5}"
EndProject
Project("{9A19103F-16F7-4668-BE54-9A1E7A4F7556}") = "RationalConsoleApp", "RationalConsoleApp\RationalConsoleApp.csproj", "{FF904824-CDE6-4D36-9B0F-3B7454D21EA1}"
EndProject
Project("{9A19103F-16F7-4668-BE54-9A1E7A4F7556}") = "RationalUnitTests", "RationalUnitTests\RationalUnitTests.csproj", "{FE7FCDC4-3C8C-4FFD-A5B0-16E5F7BB9B03}"
EndProject
Project("{2150E333-8FDC-42A3-9474-1A3956D46DE8}") = "Laboratorium01", "Laboratorium01", "{EAF16590-1D9A-41C3-A3B8-63CC13E6DFE1}"
EndProject
Project("{9A19103F-16F7-4668-BE54-9A1E7A4F7556}") = "GradeBook", "GradeBook\GradeBook.csproj", "{F62EFB05-6678-4EF3-96B8-DAF42ED0B784}"
EndProject
Project("{9A19103F-16F7-4668-BE54-9A1E7A4F7556}") = "GradeBookTests", "GradeBookTests\GradeBookTests.csproj", "{D5CCC8E3-501D-4222-BF29-75296EC4FA4B}"
EndProject
Project("{2150E333-8FDC-42A3-9474-1A3956D46DE8}") = "Laboratorium02", "Laboratorium02", "{C1AF0C03-D59A-47F0-8206-776C2C1DB3B0}"
EndProject
Project("{2150E333-8FDC-42A3-9474-1A3956D46DE8}") = "CS_Dziedziczenie", "CS_Dziedziczenie", "{3B8D4577-C2C3-4341-B344-BBEEE4B60BE9}"
EndProject
Project("{9A19103F-16F7-4668-BE54-9A1E7A4F7556}") = "CS_MSDN_Inheritance", "CS_MSDN_Inheritance\CS_MSDN_Inheritance.csproj", "{AE51F228-390D-4F9C-9D21-313D5B283D81}"
EndProject
Project("{2150E333-8FDC-42A3-9474-1A3956D46DE8}") = "Kserokopiarka", "Kserokopiarka", "{0F313620-1223-4CA4-82D3-208BC38BA854}"
EndProject
Project("{9A19103F-16F7-4668-BE54-9A1E7A4F7556}") = "Zadanie1", "Zadanie1\Zadanie1.csproj", "{5033DD89-2D93-4685-8B49-899984A77FAC}"
EndProject
Project("{9A19103F-16F7-4668-BE54-9A1E7A4F7556}") = "Zadanie2", "Zadanie2\Zadanie2.csproj", "{D5674FFA-FB4D-4BEA-A1B5-FFE695D64197}"
EndProject
Project("{9A19103F-16F7-4668-BE54-9A1E7A4F7556}") = "Zadanie3", "Zadanie3\Zadanie3.csproj", "{88AFB6FF-BE27-4C24-8301-1AB612968118}"
EndProject
Project("{9A19103F-16F7-4668-BE54-9A1E7A4F7556}") = "Zadanie1UnitTests", "Zadanie1UnitTests\Zadanie1UnitTests.csproj", "{040843B2-FD37-4B61-BDD3-E90EAC65FFC0}"
EndProject
Project("{FAE04EC0-301F-11D3-BF4B-00C04F79EFBC}") = "Zadanie2UnitTests", "Zadanie2UnitTests\Zadanie2UnitTests.csproj", "{B95808C2-FE70-4239-A12D-D8C89C89181B}"
EndProject
Global
	GlobalSection(SolutionConfigurationPlatforms) = preSolution
		Debug|Any CPU = Debug|Any CPU
		Release|Any CPU = Release|Any CPU
	EndGlobalSection
	GlobalSection(ProjectConfigurationPlatforms) = postSolution
		{3DF81775-971B-4FF9-A66F-5E7131A1E53A}.Debug|Any CPU.ActiveCfg = Debug|Any CPU
		{3DF81775-971B-4FF9-A66F-5E7131A1E53A}.Debug|Any CPU.Build.0 = Debug|Any CPU
		{3DF81775-971B-4FF9-A66F-5E7131A1E53A}.Release|Any CPU.ActiveCfg = Release|Any CPU
		{3DF81775-971B-4FF9-A66F-5E7131A1E53A}.Release|Any CPU.Build.0 = Release|Any CPU
		{40653162-CCAF-401D-AFA6-789AEBE274D8}.Debug|Any CPU.ActiveCfg = Debug|Any CPU
		{40653162-CCAF-401D-AFA6-789AEBE274D8}.Debug|Any CPU.Build.0 = Debug|Any CPU
		{40653162-CCAF-401D-AFA6-789AEBE274D8}.Release|Any CPU.ActiveCfg = Release|Any CPU
		{40653162-CCAF-401D-AFA6-789AEBE274D8}.Release|Any CPU.Build.0 = Release|Any CPU
		{4994FC86-553F-4CF1-BE4B-C06847644316}.Debug|Any CPU.ActiveCfg = Debug|Any CPU
		{4994FC86-553F-4CF1-BE4B-C06847644316}.Debug|Any CPU.Build.0 = Debug|Any CPU
		{4994FC86-553F-4CF1-BE4B-C06847644316}.Release|Any CPU.ActiveCfg = Release|Any CPU
		{4994FC86-553F-4CF1-BE4B-C06847644316}.Release|Any CPU.Build.0 = Release|Any CPU
		{77C8DE12-7447-4C62-AED7-73FCCEBE4BE4}.Debug|Any CPU.ActiveCfg = Debug|Any CPU
		{77C8DE12-7447-4C62-AED7-73FCCEBE4BE4}.Debug|Any CPU.Build.0 = Debug|Any CPU
		{77C8DE12-7447-4C62-AED7-73FCCEBE4BE4}.Release|Any CPU.ActiveCfg = Release|Any CPU
		{77C8DE12-7447-4C62-AED7-73FCCEBE4BE4}.Release|Any CPU.Build.0 = Release|Any CPU
		{62256822-93D6-48F0-83F0-B05A47CE9657}.Debug|Any CPU.ActiveCfg = Debug|Any CPU
		{62256822-93D6-48F0-83F0-B05A47CE9657}.Debug|Any CPU.Build.0 = Debug|Any CPU
		{62256822-93D6-48F0-83F0-B05A47CE9657}.Release|Any CPU.ActiveCfg = Release|Any CPU
		{62256822-93D6-48F0-83F0-B05A47CE9657}.Release|Any CPU.Build.0 = Release|Any CPU
		{F2C0FF44-6609-402A-BCE9-6A99EC190ECA}.Debug|Any CPU.ActiveCfg = Debug|Any CPU
		{F2C0FF44-6609-402A-BCE9-6A99EC190ECA}.Debug|Any CPU.Build.0 = Debug|Any CPU
		{F2C0FF44-6609-402A-BCE9-6A99EC190ECA}.Release|Any CPU.ActiveCfg = Release|Any CPU
		{F2C0FF44-6609-402A-BCE9-6A99EC190ECA}.Release|Any CPU.Build.0 = Release|Any CPU
		{949B0275-8084-4C05-8B70-D9B5E002941A}.Debug|Any CPU.ActiveCfg = Debug|Any CPU
		{949B0275-8084-4C05-8B70-D9B5E002941A}.Debug|Any CPU.Build.0 = Debug|Any CPU
		{949B0275-8084-4C05-8B70-D9B5E002941A}.Release|Any CPU.ActiveCfg = Release|Any CPU
		{949B0275-8084-4C05-8B70-D9B5E002941A}.Release|Any CPU.Build.0 = Release|Any CPU
		{99ADFC44-5C0E-4C5B-B5BD-03733454A33B}.Debug|Any CPU.ActiveCfg = Debug|Any CPU
		{99ADFC44-5C0E-4C5B-B5BD-03733454A33B}.Debug|Any CPU.Build.0 = Debug|Any CPU
		{99ADFC44-5C0E-4C5B-B5BD-03733454A33B}.Release|Any CPU.ActiveCfg = Release|Any CPU
		{99ADFC44-5C0E-4C5B-B5BD-03733454A33B}.Release|Any CPU.Build.0 = Release|Any CPU
		{2D4E4B4F-AE23-4BFF-94A7-FC221278B548}.Debug|Any CPU.ActiveCfg = Debug|Any CPU
		{2D4E4B4F-AE23-4BFF-94A7-FC221278B548}.Debug|Any CPU.Build.0 = Debug|Any CPU
		{2D4E4B4F-AE23-4BFF-94A7-FC221278B548}.Release|Any CPU.ActiveCfg = Release|Any CPU
		{2D4E4B4F-AE23-4BFF-94A7-FC221278B548}.Release|Any CPU.Build.0 = Release|Any CPU
		{83CA80C7-9E37-48C7-92D6-E71CCBCEAEBE}.Debug|Any CPU.ActiveCfg = Debug|Any CPU
		{83CA80C7-9E37-48C7-92D6-E71CCBCEAEBE}.Debug|Any CPU.Build.0 = Debug|Any CPU
		{83CA80C7-9E37-48C7-92D6-E71CCBCEAEBE}.Release|Any CPU.ActiveCfg = Release|Any CPU
		{83CA80C7-9E37-48C7-92D6-E71CCBCEAEBE}.Release|Any CPU.Build.0 = Release|Any CPU
		{BC9E940F-C706-4D88-BEEA-CAD3CEAEEBA0}.Debug|Any CPU.ActiveCfg = Debug|Any CPU
		{BC9E940F-C706-4D88-BEEA-CAD3CEAEEBA0}.Debug|Any CPU.Build.0 = Debug|Any CPU
		{BC9E940F-C706-4D88-BEEA-CAD3CEAEEBA0}.Release|Any CPU.ActiveCfg = Release|Any CPU
		{BC9E940F-C706-4D88-BEEA-CAD3CEAEEBA0}.Release|Any CPU.Build.0 = Release|Any CPU
		{62B1ADDC-4900-41D6-83ED-6ABCA85DCA32}.Debug|Any CPU.ActiveCfg = Debug|Any CPU
		{62B1ADDC-4900-41D6-83ED-6ABCA85DCA32}.Debug|Any CPU.Build.0 = Debug|Any CPU
		{62B1ADDC-4900-41D6-83ED-6ABCA85DCA32}.Release|Any CPU.ActiveCfg = Release|Any CPU
		{62B1ADDC-4900-41D6-83ED-6ABCA85DCA32}.Release|Any CPU.Build.0 = Release|Any CPU
		{9B64604E-8490-4776-BAAE-D9E8B45AF479}.Debug|Any CPU.ActiveCfg = Debug|Any CPU
		{9B64604E-8490-4776-BAAE-D9E8B45AF479}.Debug|Any CPU.Build.0 = Debug|Any CPU
		{9B64604E-8490-4776-BAAE-D9E8B45AF479}.Release|Any CPU.ActiveCfg = Release|Any CPU
		{9B64604E-8490-4776-BAAE-D9E8B45AF479}.Release|Any CPU.Build.0 = Release|Any CPU
		{304478CC-414F-4F04-8A2D-051D09F39925}.Debug|Any CPU.ActiveCfg = Debug|Any CPU
		{304478CC-414F-4F04-8A2D-051D09F39925}.Debug|Any CPU.Build.0 = Debug|Any CPU
		{304478CC-414F-4F04-8A2D-051D09F39925}.Release|Any CPU.ActiveCfg = Release|Any CPU
		{304478CC-414F-4F04-8A2D-051D09F39925}.Release|Any CPU.Build.0 = Release|Any CPU
		{A64500F5-DFA5-4146-8992-3860C0209221}.Debug|Any CPU.ActiveCfg = Debug|Any CPU
		{A64500F5-DFA5-4146-8992-3860C0209221}.Debug|Any CPU.Build.0 = Debug|Any CPU
		{A64500F5-DFA5-4146-8992-3860C0209221}.Release|Any CPU.ActiveCfg = Release|Any CPU
		{A64500F5-DFA5-4146-8992-3860C0209221}.Release|Any CPU.Build.0 = Release|Any CPU
		{1EF61284-4DE0-46F0-9A0A-F7DFFF3FAEE8}.Debug|Any CPU.ActiveCfg = Debug|Any CPU
		{1EF61284-4DE0-46F0-9A0A-F7DFFF3FAEE8}.Debug|Any CPU.Build.0 = Debug|Any CPU
		{1EF61284-4DE0-46F0-9A0A-F7DFFF3FAEE8}.Release|Any CPU.ActiveCfg = Release|Any CPU
		{1EF61284-4DE0-46F0-9A0A-F7DFFF3FAEE8}.Release|Any CPU.Build.0 = Release|Any CPU
		{E9188EDA-CA0B-4CF5-B157-CE6B1941680A}.Debug|Any CPU.ActiveCfg = Debug|Any CPU
		{E9188EDA-CA0B-4CF5-B157-CE6B1941680A}.Debug|Any CPU.Build.0 = Debug|Any CPU
		{E9188EDA-CA0B-4CF5-B157-CE6B1941680A}.Release|Any CPU.ActiveCfg = Release|Any CPU
		{E9188EDA-CA0B-4CF5-B157-CE6B1941680A}.Release|Any CPU.Build.0 = Release|Any CPU
		{F43F94F4-45EA-4EAD-B6F5-17B3770167A7}.Debug|Any CPU.ActiveCfg = Debug|Any CPU
		{F43F94F4-45EA-4EAD-B6F5-17B3770167A7}.Debug|Any CPU.Build.0 = Debug|Any CPU
		{F43F94F4-45EA-4EAD-B6F5-17B3770167A7}.Release|Any CPU.ActiveCfg = Release|Any CPU
		{F43F94F4-45EA-4EAD-B6F5-17B3770167A7}.Release|Any CPU.Build.0 = Release|Any CPU
		{73405FF8-7303-4B84-B47A-E56924862528}.Debug|Any CPU.ActiveCfg = Debug|Any CPU
		{73405FF8-7303-4B84-B47A-E56924862528}.Debug|Any CPU.Build.0 = Debug|Any CPU
		{73405FF8-7303-4B84-B47A-E56924862528}.Release|Any CPU.ActiveCfg = Release|Any CPU
		{73405FF8-7303-4B84-B47A-E56924862528}.Release|Any CPU.Build.0 = Release|Any CPU
		{6255EE51-04DF-4DFF-9461-15E4FBC9AEB3}.Debug|Any CPU.ActiveCfg = Debug|Any CPU
		{6255EE51-04DF-4DFF-9461-15E4FBC9AEB3}.Debug|Any CPU.Build.0 = Debug|Any CPU
		{6255EE51-04DF-4DFF-9461-15E4FBC9AEB3}.Release|Any CPU.ActiveCfg = Release|Any CPU
		{6255EE51-04DF-4DFF-9461-15E4FBC9AEB3}.Release|Any CPU.Build.0 = Release|Any CPU
		{AE90776E-8F8F-4A94-99D2-B8EEA5199A4C}.Debug|Any CPU.ActiveCfg = Debug|Any CPU
		{AE90776E-8F8F-4A94-99D2-B8EEA5199A4C}.Debug|Any CPU.Build.0 = Debug|Any CPU
		{AE90776E-8F8F-4A94-99D2-B8EEA5199A4C}.Release|Any CPU.ActiveCfg = Release|Any CPU
		{AE90776E-8F8F-4A94-99D2-B8EEA5199A4C}.Release|Any CPU.Build.0 = Release|Any CPU
		{A299A479-5F59-48BB-9B0C-2C2FC8CCADFC}.Debug|Any CPU.ActiveCfg = Debug|Any CPU
		{A299A479-5F59-48BB-9B0C-2C2FC8CCADFC}.Debug|Any CPU.Build.0 = Debug|Any CPU
		{A299A479-5F59-48BB-9B0C-2C2FC8CCADFC}.Release|Any CPU.ActiveCfg = Release|Any CPU
		{A299A479-5F59-48BB-9B0C-2C2FC8CCADFC}.Release|Any CPU.Build.0 = Release|Any CPU
		{EF9F71BC-9AB6-45D6-9100-795853A1A27F}.Debug|Any CPU.ActiveCfg = Debug|Any CPU
		{EF9F71BC-9AB6-45D6-9100-795853A1A27F}.Debug|Any CPU.Build.0 = Debug|Any CPU
		{EF9F71BC-9AB6-45D6-9100-795853A1A27F}.Release|Any CPU.ActiveCfg = Release|Any CPU
		{EF9F71BC-9AB6-45D6-9100-795853A1A27F}.Release|Any CPU.Build.0 = Release|Any CPU
		{E216491A-DB73-46E8-A326-C685C5D0B3F2}.Debug|Any CPU.ActiveCfg = Debug|Any CPU
		{E216491A-DB73-46E8-A326-C685C5D0B3F2}.Debug|Any CPU.Build.0 = Debug|Any CPU
		{E216491A-DB73-46E8-A326-C685C5D0B3F2}.Release|Any CPU.ActiveCfg = Release|Any CPU
		{E216491A-DB73-46E8-A326-C685C5D0B3F2}.Release|Any CPU.Build.0 = Release|Any CPU
		{A33B2AE7-7D11-4CDC-9E5C-7C37F1277AF5}.Debug|Any CPU.ActiveCfg = Debug|Any CPU
		{A33B2AE7-7D11-4CDC-9E5C-7C37F1277AF5}.Debug|Any CPU.Build.0 = Debug|Any CPU
		{A33B2AE7-7D11-4CDC-9E5C-7C37F1277AF5}.Release|Any CPU.ActiveCfg = Release|Any CPU
		{A33B2AE7-7D11-4CDC-9E5C-7C37F1277AF5}.Release|Any CPU.Build.0 = Release|Any CPU
		{7E2B0320-5BF7-42BA-A9CC-228FA368FEA2}.Debug|Any CPU.ActiveCfg = Debug|Any CPU
		{7E2B0320-5BF7-42BA-A9CC-228FA368FEA2}.Debug|Any CPU.Build.0 = Debug|Any CPU
		{7E2B0320-5BF7-42BA-A9CC-228FA368FEA2}.Release|Any CPU.ActiveCfg = Release|Any CPU
		{7E2B0320-5BF7-42BA-A9CC-228FA368FEA2}.Release|Any CPU.Build.0 = Release|Any CPU
		{12DAAE45-83C1-41D9-94F4-EF60E080C0B5}.Debug|Any CPU.ActiveCfg = Debug|Any CPU
		{12DAAE45-83C1-41D9-94F4-EF60E080C0B5}.Debug|Any CPU.Build.0 = Debug|Any CPU
		{12DAAE45-83C1-41D9-94F4-EF60E080C0B5}.Release|Any CPU.ActiveCfg = Release|Any CPU
		{12DAAE45-83C1-41D9-94F4-EF60E080C0B5}.Release|Any CPU.Build.0 = Release|Any CPU
		{A44922BA-F8CD-4448-B573-8C934B44AE13}.Debug|Any CPU.ActiveCfg = Debug|Any CPU
		{A44922BA-F8CD-4448-B573-8C934B44AE13}.Debug|Any CPU.Build.0 = Debug|Any CPU
		{A44922BA-F8CD-4448-B573-8C934B44AE13}.Release|Any CPU.ActiveCfg = Release|Any CPU
		{A44922BA-F8CD-4448-B573-8C934B44AE13}.Release|Any CPU.Build.0 = Release|Any CPU
		{556BC883-71B0-40FE-B561-A0A732736A9F}.Debug|Any CPU.ActiveCfg = Debug|Any CPU
		{556BC883-71B0-40FE-B561-A0A732736A9F}.Debug|Any CPU.Build.0 = Debug|Any CPU
		{556BC883-71B0-40FE-B561-A0A732736A9F}.Release|Any CPU.ActiveCfg = Release|Any CPU
		{556BC883-71B0-40FE-B561-A0A732736A9F}.Release|Any CPU.Build.0 = Release|Any CPU
		{5AD59D7E-AC73-4EB2-9AE9-38042915485F}.Debug|Any CPU.ActiveCfg = Debug|Any CPU
		{5AD59D7E-AC73-4EB2-9AE9-38042915485F}.Debug|Any CPU.Build.0 = Debug|Any CPU
		{5AD59D7E-AC73-4EB2-9AE9-38042915485F}.Release|Any CPU.ActiveCfg = Release|Any CPU
		{5AD59D7E-AC73-4EB2-9AE9-38042915485F}.Release|Any CPU.Build.0 = Release|Any CPU
		{178066A8-4CFA-4956-B14F-D065229D53B5}.Debug|Any CPU.ActiveCfg = Debug|Any CPU
		{178066A8-4CFA-4956-B14F-D065229D53B5}.Debug|Any CPU.Build.0 = Debug|Any CPU
		{178066A8-4CFA-4956-B14F-D065229D53B5}.Release|Any CPU.ActiveCfg = Release|Any CPU
		{178066A8-4CFA-4956-B14F-D065229D53B5}.Release|Any CPU.Build.0 = Release|Any CPU
		{FF904824-CDE6-4D36-9B0F-3B7454D21EA1}.Debug|Any CPU.ActiveCfg = Debug|Any CPU
		{FF904824-CDE6-4D36-9B0F-3B7454D21EA1}.Debug|Any CPU.Build.0 = Debug|Any CPU
		{FF904824-CDE6-4D36-9B0F-3B7454D21EA1}.Release|Any CPU.ActiveCfg = Release|Any CPU
		{FF904824-CDE6-4D36-9B0F-3B7454D21EA1}.Release|Any CPU.Build.0 = Release|Any CPU
		{FE7FCDC4-3C8C-4FFD-A5B0-16E5F7BB9B03}.Debug|Any CPU.ActiveCfg = Debug|Any CPU
		{FE7FCDC4-3C8C-4FFD-A5B0-16E5F7BB9B03}.Debug|Any CPU.Build.0 = Debug|Any CPU
		{FE7FCDC4-3C8C-4FFD-A5B0-16E5F7BB9B03}.Release|Any CPU.ActiveCfg = Release|Any CPU
		{FE7FCDC4-3C8C-4FFD-A5B0-16E5F7BB9B03}.Release|Any CPU.Build.0 = Release|Any CPU
		{F62EFB05-6678-4EF3-96B8-DAF42ED0B784}.Debug|Any CPU.ActiveCfg = Debug|Any CPU
		{F62EFB05-6678-4EF3-96B8-DAF42ED0B784}.Debug|Any CPU.Build.0 = Debug|Any CPU
		{F62EFB05-6678-4EF3-96B8-DAF42ED0B784}.Release|Any CPU.ActiveCfg = Release|Any CPU
		{F62EFB05-6678-4EF3-96B8-DAF42ED0B784}.Release|Any CPU.Build.0 = Release|Any CPU
		{D5CCC8E3-501D-4222-BF29-75296EC4FA4B}.Debug|Any CPU.ActiveCfg = Debug|Any CPU
		{D5CCC8E3-501D-4222-BF29-75296EC4FA4B}.Debug|Any CPU.Build.0 = Debug|Any CPU
		{D5CCC8E3-501D-4222-BF29-75296EC4FA4B}.Release|Any CPU.ActiveCfg = Release|Any CPU
		{D5CCC8E3-501D-4222-BF29-75296EC4FA4B}.Release|Any CPU.Build.0 = Release|Any CPU
		{AE51F228-390D-4F9C-9D21-313D5B283D81}.Debug|Any CPU.ActiveCfg = Debug|Any CPU
		{AE51F228-390D-4F9C-9D21-313D5B283D81}.Debug|Any CPU.Build.0 = Debug|Any CPU
		{AE51F228-390D-4F9C-9D21-313D5B283D81}.Release|Any CPU.ActiveCfg = Release|Any CPU
		{AE51F228-390D-4F9C-9D21-313D5B283D81}.Release|Any CPU.Build.0 = Release|Any CPU
		{5033DD89-2D93-4685-8B49-899984A77FAC}.Debug|Any CPU.ActiveCfg = Debug|Any CPU
		{5033DD89-2D93-4685-8B49-899984A77FAC}.Debug|Any CPU.Build.0 = Debug|Any CPU
		{5033DD89-2D93-4685-8B49-899984A77FAC}.Release|Any CPU.ActiveCfg = Release|Any CPU
		{5033DD89-2D93-4685-8B49-899984A77FAC}.Release|Any CPU.Build.0 = Release|Any CPU
		{D5674FFA-FB4D-4BEA-A1B5-FFE695D64197}.Debug|Any CPU.ActiveCfg = Debug|Any CPU
		{D5674FFA-FB4D-4BEA-A1B5-FFE695D64197}.Debug|Any CPU.Build.0 = Debug|Any CPU
		{D5674FFA-FB4D-4BEA-A1B5-FFE695D64197}.Release|Any CPU.ActiveCfg = Release|Any CPU
		{D5674FFA-FB4D-4BEA-A1B5-FFE695D64197}.Release|Any CPU.Build.0 = Release|Any CPU
		{88AFB6FF-BE27-4C24-8301-1AB612968118}.Debug|Any CPU.ActiveCfg = Debug|Any CPU
		{88AFB6FF-BE27-4C24-8301-1AB612968118}.Debug|Any CPU.Build.0 = Debug|Any CPU
		{88AFB6FF-BE27-4C24-8301-1AB612968118}.Release|Any CPU.ActiveCfg = Release|Any CPU
		{88AFB6FF-BE27-4C24-8301-1AB612968118}.Release|Any CPU.Build.0 = Release|Any CPU
		{040843B2-FD37-4B61-BDD3-E90EAC65FFC0}.Debug|Any CPU.ActiveCfg = Debug|Any CPU
		{040843B2-FD37-4B61-BDD3-E90EAC65FFC0}.Debug|Any CPU.Build.0 = Debug|Any CPU
		{040843B2-FD37-4B61-BDD3-E90EAC65FFC0}.Release|Any CPU.ActiveCfg = Release|Any CPU
		{040843B2-FD37-4B61-BDD3-E90EAC65FFC0}.Release|Any CPU.Build.0 = Release|Any CPU
		{B95808C2-FE70-4239-A12D-D8C89C89181B}.Debug|Any CPU.ActiveCfg = Debug|Any CPU
		{B95808C2-FE70-4239-A12D-D8C89C89181B}.Debug|Any CPU.Build.0 = Debug|Any CPU
		{B95808C2-FE70-4239-A12D-D8C89C89181B}.Release|Any CPU.ActiveCfg = Release|Any CPU
		{B95808C2-FE70-4239-A12D-D8C89C89181B}.Release|Any CPU.Build.0 = Release|Any CPU
	EndGlobalSection
	GlobalSection(SolutionProperties) = preSolution
		HideSolutionNode = FALSE
	EndGlobalSection
	GlobalSection(NestedProjects) = preSolution
		{40653162-CCAF-401D-AFA6-789AEBE274D8} = {F5D26166-77A0-431C-A81C-41090FCD56EA}
		{4994FC86-553F-4CF1-BE4B-C06847644316} = {F5D26166-77A0-431C-A81C-41090FCD56EA}
		{77C8DE12-7447-4C62-AED7-73FCCEBE4BE4} = {F5D26166-77A0-431C-A81C-41090FCD56EA}
		{62256822-93D6-48F0-83F0-B05A47CE9657} = {F5D26166-77A0-431C-A81C-41090FCD56EA}
		{F2C0FF44-6609-402A-BCE9-6A99EC190ECA} = {F5D26166-77A0-431C-A81C-41090FCD56EA}
		{949B0275-8084-4C05-8B70-D9B5E002941A} = {F5D26166-77A0-431C-A81C-41090FCD56EA}
		{99ADFC44-5C0E-4C5B-B5BD-03733454A33B} = {F5D26166-77A0-431C-A81C-41090FCD56EA}
		{2D4E4B4F-AE23-4BFF-94A7-FC221278B548} = {F5D26166-77A0-431C-A81C-41090FCD56EA}
		{83CA80C7-9E37-48C7-92D6-E71CCBCEAEBE} = {F5D26166-77A0-431C-A81C-41090FCD56EA}
		{BC9E940F-C706-4D88-BEEA-CAD3CEAEEBA0} = {F5D26166-77A0-431C-A81C-41090FCD56EA}
		{62B1ADDC-4900-41D6-83ED-6ABCA85DCA32} = {F5D26166-77A0-431C-A81C-41090FCD56EA}
		{9B64604E-8490-4776-BAAE-D9E8B45AF479} = {F5D26166-77A0-431C-A81C-41090FCD56EA}
		{304478CC-414F-4F04-8A2D-051D09F39925} = {F5D26166-77A0-431C-A81C-41090FCD56EA}
		{A64500F5-DFA5-4146-8992-3860C0209221} = {F5D26166-77A0-431C-A81C-41090FCD56EA}
		{1EF61284-4DE0-46F0-9A0A-F7DFFF3FAEE8} = {F5D26166-77A0-431C-A81C-41090FCD56EA}
		{E9188EDA-CA0B-4CF5-B157-CE6B1941680A} = {F5D26166-77A0-431C-A81C-41090FCD56EA}
		{F43F94F4-45EA-4EAD-B6F5-17B3770167A7} = {F5D26166-77A0-431C-A81C-41090FCD56EA}
		{73405FF8-7303-4B84-B47A-E56924862528} = {F5D26166-77A0-431C-A81C-41090FCD56EA}
		{6255EE51-04DF-4DFF-9461-15E4FBC9AEB3} = {F5D26166-77A0-431C-A81C-41090FCD56EA}
		{AE90776E-8F8F-4A94-99D2-B8EEA5199A4C} = {F5D26166-77A0-431C-A81C-41090FCD56EA}
		{A299A479-5F59-48BB-9B0C-2C2FC8CCADFC} = {F5D26166-77A0-431C-A81C-41090FCD56EA}
		{EF9F71BC-9AB6-45D6-9100-795853A1A27F} = {F5D26166-77A0-431C-A81C-41090FCD56EA}
		{E216491A-DB73-46E8-A326-C685C5D0B3F2} = {F5D26166-77A0-431C-A81C-41090FCD56EA}
		{A33B2AE7-7D11-4CDC-9E5C-7C37F1277AF5} = {F5D26166-77A0-431C-A81C-41090FCD56EA}
		{7E2B0320-5BF7-42BA-A9CC-228FA368FEA2} = {F5D26166-77A0-431C-A81C-41090FCD56EA}
		{12DAAE45-83C1-41D9-94F4-EF60E080C0B5} = {F5D26166-77A0-431C-A81C-41090FCD56EA}
		{A44922BA-F8CD-4448-B573-8C934B44AE13} = {F5D26166-77A0-431C-A81C-41090FCD56EA}
		{556BC883-71B0-40FE-B561-A0A732736A9F} = {F5D26166-77A0-431C-A81C-41090FCD56EA}
		{5AD59D7E-AC73-4EB2-9AE9-38042915485F} = {F5D26166-77A0-431C-A81C-41090FCD56EA}
		{178066A8-4CFA-4956-B14F-D065229D53B5} = {9F0C737A-66A0-49D3-9AFB-9D6434D3E86B}
		{FF904824-CDE6-4D36-9B0F-3B7454D21EA1} = {9F0C737A-66A0-49D3-9AFB-9D6434D3E86B}
		{FE7FCDC4-3C8C-4FFD-A5B0-16E5F7BB9B03} = {9F0C737A-66A0-49D3-9AFB-9D6434D3E86B}
		{F62EFB05-6678-4EF3-96B8-DAF42ED0B784} = {EAF16590-1D9A-41C3-A3B8-63CC13E6DFE1}
		{D5CCC8E3-501D-4222-BF29-75296EC4FA4B} = {EAF16590-1D9A-41C3-A3B8-63CC13E6DFE1}
		{3B8D4577-C2C3-4341-B344-BBEEE4B60BE9} = {C1AF0C03-D59A-47F0-8206-776C2C1DB3B0}
		{AE51F228-390D-4F9C-9D21-313D5B283D81} = {3B8D4577-C2C3-4341-B344-BBEEE4B60BE9}
		{0F313620-1223-4CA4-82D3-208BC38BA854} = {C1AF0C03-D59A-47F0-8206-776C2C1DB3B0}
		{5033DD89-2D93-4685-8B49-899984A77FAC} = {0F313620-1223-4CA4-82D3-208BC38BA854}
		{D5674FFA-FB4D-4BEA-A1B5-FFE695D64197} = {0F313620-1223-4CA4-82D3-208BC38BA854}
		{88AFB6FF-BE27-4C24-8301-1AB612968118} = {0F313620-1223-4CA4-82D3-208BC38BA854}
		{040843B2-FD37-4B61-BDD3-E90EAC65FFC0} = {0F313620-1223-4CA4-82D3-208BC38BA854}
		{B95808C2-FE70-4239-A12D-D8C89C89181B} = {0F313620-1223-4CA4-82D3-208BC38BA854}
	EndGlobalSection
	GlobalSection(ExtensibilityGlobals) = postSolution
		SolutionGuid = {EAC54410-D0C2-487C-A700-DCBF09D723CC}
	EndGlobalSection
EndGlobal
